
Microsoft Visual Studio Solution File, Format Version 12.00
# Visual Studio Version 16
VisualStudioVersion = 16.0.29519.87
MinimumVisualStudioVersion = 10.0.40219.1
Project("{FAE04EC0-301F-11D3-BF4B-00C04F79EFBC}") = "matrizsolucion", "matrizsolucion.csproj", "{F72FCC06-9099-411C-8DFA-BCD3432FA01D}"
EndProject
Global
	GlobalSection(SolutionConfigurationPlatforms) = preSolution
		Debug|Any CPU = Debug|Any CPU
		Release|Any CPU = Release|Any CPU
	EndGlobalSection
	GlobalSection(ProjectConfigurationPlatforms) = postSolution
		{F72FCC06-9099-411C-8DFA-BCD3432FA01D}.Debug|Any CPU.ActiveCfg = Debug|Any CPU
		{F72FCC06-9099-411C-8DFA-BCD3432FA01D}.Debug|Any CPU.Build.0 = Debug|Any CPU
		{F72FCC06-9099-411C-8DFA-BCD3432FA01D}.Release|Any CPU.ActiveCfg = Release|Any CPU
		{F72FCC06-9099-411C-8DFA-BCD3432FA01D}.Release|Any CPU.Build.0 = Release|Any CPU
	EndGlobalSection
	GlobalSection(SolutionProperties) = preSolution
		HideSolutionNode = FALSE
	EndGlobalSection
	GlobalSection(ExtensibilityGlobals) = postSolution
		SolutionGuid = {C2B555A1-32ED-4675-A792-9C9F2363BBBC}
	EndGlobalSection
EndGlobal
